
Microsoft Visual Studio Solution File, Format Version 12.00
# Visual Studio Version 17
VisualStudioVersion = 17.0.32112.339
MinimumVisualStudioVersion = 10.0.40219.1
Project("{FAE04EC0-301F-11D3-BF4B-00C04F79EFBC}") = "SQLiteFreshMVVM.Android", "SQLiteFreshMVVM\SQLiteFreshMVVM.Android\SQLiteFreshMVVM.Android.csproj", "{D3DCADE8-8976-4C3C-B7B5-014FA15829B6}"
EndProject
Project("{FAE04EC0-301F-11D3-BF4B-00C04F79EFBC}") = "SQLiteFreshMVVM", "SQLiteFreshMVVM\SQLiteFreshMVVM\SQLiteFreshMVVM.csproj", "{57C8B087-4DA5-494C-9523-2663DC5866DA}"
EndProject
Global
	GlobalSection(SolutionConfigurationPlatforms) = preSolution
		Debug|Any CPU = Debug|Any CPU
		Release|Any CPU = Release|Any CPU
	EndGlobalSection
	GlobalSection(ProjectConfigurationPlatforms) = postSolution
		{D3DCADE8-8976-4C3C-B7B5-014FA15829B6}.Debug|Any CPU.ActiveCfg = Debug|Any CPU
		{D3DCADE8-8976-4C3C-B7B5-014FA15829B6}.Debug|Any CPU.Build.0 = Debug|Any CPU
		{D3DCADE8-8976-4C3C-B7B5-014FA15829B6}.Debug|Any CPU.Deploy.0 = Debug|Any CPU
		{D3DCADE8-8976-4C3C-B7B5-014FA15829B6}.Release|Any CPU.ActiveCfg = Release|Any CPU
		{D3DCADE8-8976-4C3C-B7B5-014FA15829B6}.Release|Any CPU.Build.0 = Release|Any CPU
		{D3DCADE8-8976-4C3C-B7B5-014FA15829B6}.Release|Any CPU.Deploy.0 = Release|Any CPU
		{57C8B087-4DA5-494C-9523-2663DC5866DA}.Debug|Any CPU.ActiveCfg = Debug|Any CPU
		{57C8B087-4DA5-494C-9523-2663DC5866DA}.Debug|Any CPU.Build.0 = Debug|Any CPU
		{57C8B087-4DA5-494C-9523-2663DC5866DA}.Debug|Any CPU.Deploy.0 = Debug|Any CPU
		{57C8B087-4DA5-494C-9523-2663DC5866DA}.Release|Any CPU.ActiveCfg = Release|Any CPU
		{57C8B087-4DA5-494C-9523-2663DC5866DA}.Release|Any CPU.Build.0 = Release|Any CPU
		{57C8B087-4DA5-494C-9523-2663DC5866DA}.Release|Any CPU.Deploy.0 = Release|Any CPU
	EndGlobalSection
	GlobalSection(SolutionProperties) = preSolution
		HideSolutionNode = FALSE
	EndGlobalSection
	GlobalSection(ExtensibilityGlobals) = postSolution
		SolutionGuid = {278E5B3C-82ED-4C45-884B-29ED8B434F0F}
	EndGlobalSection
EndGlobal
